
Microsoft Visual Studio Solution File, Format Version 12.00
Project("{FAE04EC0-301F-11D3-BF4B-00C04F79EFBC}") = "SIMS", "SIMS\SIMS.csproj", "{57F8AE1B-CB40-4C66-9AA8-0217AB3071F9}"
EndProject
Project("{FAE04EC0-301F-11D3-BF4B-00C04F79EFBC}") = "SIMS.Tests", "SIMS.Tests\SIMS.Tests.csproj", "{07A739D5-063B-4914-BF89-A83E6483CD82}"
EndProject
Global
	GlobalSection(SolutionConfigurationPlatforms) = preSolution
		Debug|Any CPU = Debug|Any CPU
		Release|Any CPU = Release|Any CPU
	EndGlobalSection
	GlobalSection(ProjectConfigurationPlatforms) = postSolution
		{57F8AE1B-CB40-4C66-9AA8-0217AB3071F9}.Debug|Any CPU.ActiveCfg = Debug|Any CPU
		{57F8AE1B-CB40-4C66-9AA8-0217AB3071F9}.Debug|Any CPU.Build.0 = Debug|Any CPU
		{57F8AE1B-CB40-4C66-9AA8-0217AB3071F9}.Release|Any CPU.ActiveCfg = Release|Any CPU
		{57F8AE1B-CB40-4C66-9AA8-0217AB3071F9}.Release|Any CPU.Build.0 = Release|Any CPU
		{07A739D5-063B-4914-BF89-A83E6483CD82}.Debug|Any CPU.ActiveCfg = Debug|Any CPU
		{07A739D5-063B-4914-BF89-A83E6483CD82}.Debug|Any CPU.Build.0 = Debug|Any CPU
		{07A739D5-063B-4914-BF89-A83E6483CD82}.Release|Any CPU.ActiveCfg = Release|Any CPU
		{07A739D5-063B-4914-BF89-A83E6483CD82}.Release|Any CPU.Build.0 = Release|Any CPU
	EndGlobalSection
EndGlobal
